
Microsoft Visual Studio Solution File, Format Version 12.00
# Visual Studio Version 16
VisualStudioVersion = 16.0.31624.102
MinimumVisualStudioVersion = 10.0.40219.1
Project("{8BC9CEB8-8B4A-11D0-8D11-00A0C91BC942}") = "Lab9", "Lab9\Lab9.vcxproj", "{B1AE9796-CB40-4C09-A66D-621BA18B2DFF}"
EndProject
Project("{888888A0-9F3D-457C-B088-3A5042F75D52}") = "Lab9Python", "Lab9Python\Lab9Python.pyproj", "{106A9A52-229E-4588-9075-DE5AB5DEC177}"
EndProject
Global
	GlobalSection(SolutionConfigurationPlatforms) = preSolution
		Debug|Any CPU = Debug|Any CPU
		Debug|x64 = Debug|x64
		Debug|x86 = Debug|x86
		Release|Any CPU = Release|Any CPU
		Release|x64 = Release|x64
		Release|x86 = Release|x86
	EndGlobalSection
	GlobalSection(ProjectConfigurationPlatforms) = postSolution
		{B1AE9796-CB40-4C09-A66D-621BA18B2DFF}.Debug|Any CPU.ActiveCfg = Debug|Win32
		{B1AE9796-CB40-4C09-A66D-621BA18B2DFF}.Debug|x64.ActiveCfg = Debug|x64
		{B1AE9796-CB40-4C09-A66D-621BA18B2DFF}.Debug|x64.Build.0 = Debug|x64
		{B1AE9796-CB40-4C09-A66D-621BA18B2DFF}.Debug|x86.ActiveCfg = Debug|Win32
		{B1AE9796-CB40-4C09-A66D-621BA18B2DFF}.Debug|x86.Build.0 = Debug|Win32
		{B1AE9796-CB40-4C09-A66D-621BA18B2DFF}.Release|Any CPU.ActiveCfg = Release|Win32
		{B1AE9796-CB40-4C09-A66D-621BA18B2DFF}.Release|x64.ActiveCfg = Release|x64
		{B1AE9796-CB40-4C09-A66D-621BA18B2DFF}.Release|x64.Build.0 = Release|x64
		{B1AE9796-CB40-4C09-A66D-621BA18B2DFF}.Release|x86.ActiveCfg = Release|Win32
		{B1AE9796-CB40-4C09-A66D-621BA18B2DFF}.Release|x86.Build.0 = Release|Win32
		{106A9A52-229E-4588-9075-DE5AB5DEC177}.Debug|Any CPU.ActiveCfg = Debug|Any CPU
		{106A9A52-229E-4588-9075-DE5AB5DEC177}.Debug|x64.ActiveCfg = Debug|Any CPU
		{106A9A52-229E-4588-9075-DE5AB5DEC177}.Debug|x86.ActiveCfg = Debug|Any CPU
		{106A9A52-229E-4588-9075-DE5AB5DEC177}.Release|Any CPU.ActiveCfg = Release|Any CPU
		{106A9A52-229E-4588-9075-DE5AB5DEC177}.Release|x64.ActiveCfg = Release|Any CPU
		{106A9A52-229E-4588-9075-DE5AB5DEC177}.Release|x86.ActiveCfg = Release|Any CPU
	EndGlobalSection
	GlobalSection(SolutionProperties) = preSolution
		HideSolutionNode = FALSE
	EndGlobalSection
	GlobalSection(ExtensibilityGlobals) = postSolution
		SolutionGuid = {D2B3AEAF-3555-4F8F-907C-1E3687A7CEAF}
	EndGlobalSection
EndGlobal
